
Microsoft Visual Studio Solution File, Format Version 12.00
# Visual Studio 14
VisualStudioVersion = 14.0.25420.1
MinimumVisualStudioVersion = 10.0.40219.1
Project("{FAE04EC0-301F-11D3-BF4B-00C04F79EFBC}") = "Server", "Server\Server.csproj", "{58228D27-91CC-4085-8686-AC9E9CBC3FBE}"
EndProject
Project("{FAE04EC0-301F-11D3-BF4B-00C04F79EFBC}") = "SocketLib", "SocketLib\SocketLib.csproj", "{EFC12F3D-D7F3-4803-A287-61771B3D9552}"
EndProject
Project("{FAE04EC0-301F-11D3-BF4B-00C04F79EFBC}") = "Example", "Example\Example.csproj", "{FA215B08-2373-49D9-A92A-3BBFD430C3E6}"
EndProject
Project("{FAE04EC0-301F-11D3-BF4B-00C04F79EFBC}") = "UdpTest", "UdpTest\UdpTest.csproj", "{F050DD53-4192-4F8E-AD2C-D6A4D5E3ADBC}"
EndProject
Global
	GlobalSection(SolutionConfigurationPlatforms) = preSolution
		Debug|Any CPU = Debug|Any CPU
		Release|Any CPU = Release|Any CPU
	EndGlobalSection
	GlobalSection(ProjectConfigurationPlatforms) = postSolution
		{58228D27-91CC-4085-8686-AC9E9CBC3FBE}.Debug|Any CPU.ActiveCfg = Debug|Any CPU
		{58228D27-91CC-4085-8686-AC9E9CBC3FBE}.Debug|Any CPU.Build.0 = Debug|Any CPU
		{58228D27-91CC-4085-8686-AC9E9CBC3FBE}.Release|Any CPU.ActiveCfg = Release|Any CPU
		{58228D27-91CC-4085-8686-AC9E9CBC3FBE}.Release|Any CPU.Build.0 = Release|Any CPU
		{EFC12F3D-D7F3-4803-A287-61771B3D9552}.Debug|Any CPU.ActiveCfg = Debug|Any CPU
		{EFC12F3D-D7F3-4803-A287-61771B3D9552}.Debug|Any CPU.Build.0 = Debug|Any CPU
		{EFC12F3D-D7F3-4803-A287-61771B3D9552}.Release|Any CPU.ActiveCfg = Release|Any CPU
		{EFC12F3D-D7F3-4803-A287-61771B3D9552}.Release|Any CPU.Build.0 = Release|Any CPU
		{FA215B08-2373-49D9-A92A-3BBFD430C3E6}.Debug|Any CPU.ActiveCfg = Debug|Any CPU
		{FA215B08-2373-49D9-A92A-3BBFD430C3E6}.Debug|Any CPU.Build.0 = Debug|Any CPU
		{FA215B08-2373-49D9-A92A-3BBFD430C3E6}.Release|Any CPU.ActiveCfg = Release|Any CPU
		{FA215B08-2373-49D9-A92A-3BBFD430C3E6}.Release|Any CPU.Build.0 = Release|Any CPU
		{F050DD53-4192-4F8E-AD2C-D6A4D5E3ADBC}.Debug|Any CPU.ActiveCfg = Debug|Any CPU
		{F050DD53-4192-4F8E-AD2C-D6A4D5E3ADBC}.Debug|Any CPU.Build.0 = Debug|Any CPU
		{F050DD53-4192-4F8E-AD2C-D6A4D5E3ADBC}.Release|Any CPU.ActiveCfg = Release|Any CPU
		{F050DD53-4192-4F8E-AD2C-D6A4D5E3ADBC}.Release|Any CPU.Build.0 = Release|Any CPU
	EndGlobalSection
	GlobalSection(SolutionProperties) = preSolution
		HideSolutionNode = FALSE
	EndGlobalSection
	GlobalSection(ExtensibilityGlobals) = postSolution
		SolutionGuid = {1E3639A0-0E85-4F0C-BE0C-3E4CBDDC0C69}
	EndGlobalSection
EndGlobal
